
Microsoft Visual Studio Solution File, Format Version 12.00
# Visual Studio Version 16
VisualStudioVersion = 16.0.30804.86
MinimumVisualStudioVersion = 10.0.40219.1
Project("{FAE04EC0-301F-11D3-BF4B-00C04F79EFBC}") = "GP3", "GP3\GP3.csproj", "{90A1BC61-73BE-44CB-9B7F-C87FC543F716}"
EndProject
Global
	GlobalSection(SolutionConfigurationPlatforms) = preSolution
		Debug|Any CPU = Debug|Any CPU
		Release|Any CPU = Release|Any CPU
	EndGlobalSection
	GlobalSection(ProjectConfigurationPlatforms) = postSolution
		{90A1BC61-73BE-44CB-9B7F-C87FC543F716}.Debug|Any CPU.ActiveCfg = Debug|Any CPU
		{90A1BC61-73BE-44CB-9B7F-C87FC543F716}.Debug|Any CPU.Build.0 = Debug|Any CPU
		{90A1BC61-73BE-44CB-9B7F-C87FC543F716}.Release|Any CPU.ActiveCfg = Release|Any CPU
		{90A1BC61-73BE-44CB-9B7F-C87FC543F716}.Release|Any CPU.Build.0 = Release|Any CPU
	EndGlobalSection
	GlobalSection(SolutionProperties) = preSolution
		HideSolutionNode = FALSE
	EndGlobalSection
	GlobalSection(ExtensibilityGlobals) = postSolution
		SolutionGuid = {63E42F06-36A7-4EA8-AC38-41FBF39D6266}
	EndGlobalSection
EndGlobal
